
Microsoft Visual Studio Solution File, Format Version 12.00
# Visual Studio Version 16
VisualStudioVersion = 16.0.31129.286
MinimumVisualStudioVersion = 10.0.40219.1
Project("{FAE04EC0-301F-11D3-BF4B-00C04F79EFBC}") = "BootcampApp", "BootcampApp\BootcampApp.csproj", "{6E04E50B-ECE3-40A8-9EB9-48E75A635476}"
EndProject
Global
	GlobalSection(SolutionConfigurationPlatforms) = preSolution
		Debug|Any CPU = Debug|Any CPU
		Release|Any CPU = Release|Any CPU
	EndGlobalSection
	GlobalSection(ProjectConfigurationPlatforms) = postSolution
		{6E04E50B-ECE3-40A8-9EB9-48E75A635476}.Debug|Any CPU.ActiveCfg = Debug|Any CPU
		{6E04E50B-ECE3-40A8-9EB9-48E75A635476}.Debug|Any CPU.Build.0 = Debug|Any CPU
		{6E04E50B-ECE3-40A8-9EB9-48E75A635476}.Release|Any CPU.ActiveCfg = Release|Any CPU
		{6E04E50B-ECE3-40A8-9EB9-48E75A635476}.Release|Any CPU.Build.0 = Release|Any CPU
	EndGlobalSection
	GlobalSection(SolutionProperties) = preSolution
		HideSolutionNode = FALSE
	EndGlobalSection
	GlobalSection(ExtensibilityGlobals) = postSolution
		SolutionGuid = {94BB05E9-1E2F-4139-B3B5-68308FA0BAA2}
	EndGlobalSection
EndGlobal
